
Microsoft Visual Studio Solution File, Format Version 12.00
# Visual Studio 15
VisualStudioVersion = 15.0.27130.2026
MinimumVisualStudioVersion = 10.0.40219.1
Project("{FAE04EC0-301F-11D3-BF4B-00C04F79EFBC}") = "ExifName", "ExifName\ExifName.csproj", "{18C31625-3A43-44DA-9431-D267FEB47983}"
EndProject
Global
	GlobalSection(SolutionConfigurationPlatforms) = preSolution
		Debug|Any CPU = Debug|Any CPU
		Debug|x86 = Debug|x86
		Release|Any CPU = Release|Any CPU
		Release|x86 = Release|x86
	EndGlobalSection
	GlobalSection(ProjectConfigurationPlatforms) = postSolution
		{18C31625-3A43-44DA-9431-D267FEB47983}.Debug|Any CPU.ActiveCfg = Debug|Any CPU
		{18C31625-3A43-44DA-9431-D267FEB47983}.Debug|Any CPU.Build.0 = Debug|Any CPU
		{18C31625-3A43-44DA-9431-D267FEB47983}.Debug|x86.ActiveCfg = Debug|Any CPU
		{18C31625-3A43-44DA-9431-D267FEB47983}.Debug|x86.Build.0 = Debug|Any CPU
		{18C31625-3A43-44DA-9431-D267FEB47983}.Release|Any CPU.ActiveCfg = Release|Any CPU
		{18C31625-3A43-44DA-9431-D267FEB47983}.Release|Any CPU.Build.0 = Release|Any CPU
		{18C31625-3A43-44DA-9431-D267FEB47983}.Release|x86.ActiveCfg = Release|Any CPU
		{18C31625-3A43-44DA-9431-D267FEB47983}.Release|x86.Build.0 = Release|Any CPU
	EndGlobalSection
	GlobalSection(SolutionProperties) = preSolution
		HideSolutionNode = FALSE
	EndGlobalSection
	GlobalSection(ExtensibilityGlobals) = postSolution
		SolutionGuid = {0DF769A9-BDC5-41B9-B061-6BAF52DC81C0}
	EndGlobalSection
	GlobalSection(TeamFoundationVersionControl) = preSolution
		SccNumberOfProjects = 2
		SccEnterpriseProvider = {4CA58AB2-18FA-4F8D-95D4-32DDF27D184C}
		SccTeamFoundationServer = https://victorloktev.visualstudio.com/
		SccLocalPath0 = .
		SccProjectUniqueName1 = ExifName\\ExifName.csproj
		SccProjectName1 = ExifName
		SccLocalPath1 = ExifName
	EndGlobalSection
EndGlobal
